
Microsoft Visual Studio Solution File, Format Version 12.00
# Visual Studio Version 17
VisualStudioVersion = 17.0.31903.59
MinimumVisualStudioVersion = 10.0.40219.1
Project("{9A19103F-16F7-4668-BE54-9A1E7A4F7556}") = "Antares.VTravel.UI", "Antares.VTravel.UI\Antares.VTravel.UI\Antares.VTravel.UI.csproj", "{498B719C-9F31-4336-B93F-8E427029E49C}"
EndProject
Global
	GlobalSection(SolutionConfigurationPlatforms) = preSolution
		Debug|Any CPU = Debug|Any CPU
		Release|Any CPU = Release|Any CPU
	EndGlobalSection
	GlobalSection(ProjectConfigurationPlatforms) = postSolution
		{498B719C-9F31-4336-B93F-8E427029E49C}.Debug|Any CPU.ActiveCfg = Debug|Any CPU
		{498B719C-9F31-4336-B93F-8E427029E49C}.Debug|Any CPU.Build.0 = Debug|Any CPU
		{498B719C-9F31-4336-B93F-8E427029E49C}.Release|Any CPU.ActiveCfg = Release|Any CPU
		{498B719C-9F31-4336-B93F-8E427029E49C}.Release|Any CPU.Build.0 = Release|Any CPU
	EndGlobalSection
	GlobalSection(SolutionProperties) = preSolution
		HideSolutionNode = FALSE
	EndGlobalSection
	GlobalSection(ExtensibilityGlobals) = postSolution
		SolutionGuid = {C7DD067D-7811-4851-A1BC-B294AFACFF75}
	EndGlobalSection
EndGlobal
